
Microsoft Visual Studio Solution File, Format Version 12.00
# Visual Studio 2012
Project("{8BC9CEB8-8B4A-11D0-8D11-00A0C91BC942}") = "SpaceInvaders", "SpaceInvaders\SpaceInvaders.vcxproj", "{D93130E0-868D-478F-9806-F2129215FE93}"
EndProject
Global
	GlobalSection(SolutionConfigurationPlatforms) = preSolution
		Debug|Win32 = Debug|Win32
		Release|Win32 = Release|Win32
	EndGlobalSection
	GlobalSection(ProjectConfigurationPlatforms) = postSolution
		{D93130E0-868D-478F-9806-F2129215FE93}.Debug|Win32.ActiveCfg = Debug|Win32
		{D93130E0-868D-478F-9806-F2129215FE93}.Debug|Win32.Build.0 = Debug|Win32
		{D93130E0-868D-478F-9806-F2129215FE93}.Release|Win32.ActiveCfg = Release|Win32
		{D93130E0-868D-478F-9806-F2129215FE93}.Release|Win32.Build.0 = Release|Win32
	EndGlobalSection
	GlobalSection(SolutionProperties) = preSolution
		HideSolutionNode = FALSE
	EndGlobalSection
EndGlobal
