
Microsoft Visual Studio Solution File, Format Version 12.00
# Visual Studio 2012
Project("{8BC9CEB8-8B4A-11D0-8D11-00A0C91BC942}") = "Platformer", "Platformer\Platformer.vcxproj", "{EF7BE3FB-2089-48D3-B94C-A6A0ECBFAEF1}"
EndProject
Global
	GlobalSection(SolutionConfigurationPlatforms) = preSolution
		Debug|Win32 = Debug|Win32
		Release|Win32 = Release|Win32
	EndGlobalSection
	GlobalSection(ProjectConfigurationPlatforms) = postSolution
		{EF7BE3FB-2089-48D3-B94C-A6A0ECBFAEF1}.Debug|Win32.ActiveCfg = Debug|Win32
		{EF7BE3FB-2089-48D3-B94C-A6A0ECBFAEF1}.Debug|Win32.Build.0 = Debug|Win32
		{EF7BE3FB-2089-48D3-B94C-A6A0ECBFAEF1}.Release|Win32.ActiveCfg = Release|Win32
		{EF7BE3FB-2089-48D3-B94C-A6A0ECBFAEF1}.Release|Win32.Build.0 = Release|Win32
	EndGlobalSection
	GlobalSection(SolutionProperties) = preSolution
		HideSolutionNode = FALSE
	EndGlobalSection
EndGlobal
